Microsoft Visual Studio Solution File, Format Version 8.00
Project("{8BC9CEB8-8B4A-11D0-8D11-00A0C91BC942}") = "libChewing", "libChewing.vcproj", "{AF909FB6-6C9F-4218-B360-4FDBEA1F7062}"
	ProjectSection(ProjectDependencies) = postProject
	EndProjectSection
EndProject
Global
	GlobalSection(SolutionConfiguration) = preSolution
		Debug = Debug
		Release = Release
	EndGlobalSection
	GlobalSection(ProjectConfiguration) = postSolution
		{AF909FB6-6C9F-4218-B360-4FDBEA1F7062}.Debug.ActiveCfg = Debug|Win32
		{AF909FB6-6C9F-4218-B360-4FDBEA1F7062}.Debug.Build.0 = Debug|Win32
		{AF909FB6-6C9F-4218-B360-4FDBEA1F7062}.Release.ActiveCfg = Release|Win32
		{AF909FB6-6C9F-4218-B360-4FDBEA1F7062}.Release.Build.0 = Release|Win32
	EndGlobalSection
	GlobalSection(ExtensibilityGlobals) = postSolution
	EndGlobalSection
	GlobalSection(ExtensibilityAddIns) = postSolution
	EndGlobalSection
EndGlobal
